
Microsoft Visual Studio Solution File, Format Version 12.00
# Visual Studio Version 17
VisualStudioVersion = 17.14.36414.22
MinimumVisualStudioVersion = 10.0.40219.1
Project("{FAE04EC0-301F-11D3-BF4B-00C04F79EFBC}") = "BibliotecaPrueba", "BibliotecaPrueba\BibliotecaPrueba.csproj", "{2F4B3C60-2DB4-4C82-9D07-50F8048D7330}"
EndProject
Project("{FAE04EC0-301F-11D3-BF4B-00C04F79EFBC}") = "S4_Abstraer_Y_Encapsular", "S4_Abstraer_Y_Encapsular\S4_Abstraer_Y_Encapsular.csproj", "{6BDD706B-097B-45D8-874F-F8015127E02F}"
EndProject
Project("{FAE04EC0-301F-11D3-BF4B-00C04F79EFBC}") = "S4_Interface_De_Usuario", "S4_Interface_De_Usuario\S4_Interface_De_Usuario.csproj", "{A18B25FA-EEA9-4CB2-8023-F0807CCC4102}"
EndProject
Project("{FAE04EC0-301F-11D3-BF4B-00C04F79EFBC}") = "S3_Registro_De_Postulantes", "S3_Registro_De_Postulantes\S3_Registro_De_Postulantes.csproj", "{DE238DC4-B7A6-5E91-33AE-379D740FBDAD}"
EndProject
Project("{FAE04EC0-301F-11D3-BF4B-00C04F79EFBC}") = "S3_Televisor", "S3_Televisor.csproj\S3_Televisor.csproj", "{1D263D95-55D3-F00D-7700-98AEE9D93E67}"
EndProject
Project("{FAE04EC0-301F-11D3-BF4B-00C04F79EFBC}") = "S1_Escribir_En _C#", "S1_Escribir_En _C#\S1_Escribir_En _C#.csproj", "{93056D22-4327-C460-B27B-333829036B72}"
EndProject
Project("{FAE04EC0-301F-11D3-BF4B-00C04F79EFBC}") = "S2_A_Jugar_Con_Superheroes", "S2_A_Jugar_Con_Superheroes\S2_A_Jugar_Con_Superheroes.csproj", "{8B07171F-7515-0978-CF21-B1F905F48CAF}"
EndProject
Project("{FAE04EC0-301F-11D3-BF4B-00C04F79EFBC}") = "S6_Repaso", "S6_Repaso\S6_Repaso.csproj", "{5AC76EF9-729A-4B3B-8BB5-AE40BB31A9C9}"
EndProject
Project("{FAE04EC0-301F-11D3-BF4B-00C04F79EFBC}") = "S8_Herencia_Y_UML", "S8_Herencia_Y_UML\S8_Herencia_Y_UML.csproj", "{1E0F7B86-B533-4D8C-AE7E-82BA76C7607A}"
EndProject
Project("{FAE04EC0-301F-11D3-BF4B-00C04F79EFBC}") = "ClubDeportivo", "ClubDeportivo\ClubDeportivo.csproj", "{88B885CD-8FC4-81F5-B8D0-4DE13CC6B438}"
EndProject
Project("{FAE04EC0-301F-11D3-BF4B-00C04F79EFBC}") = "S10_Polimorfismo", "S10_Polimorfismo\S10_Polimorfismo.csproj", "{308B3ACE-8BDE-46B9-8ADA-7D9230EC4005}"
EndProject
Project("{FAE04EC0-301F-11D3-BF4B-00C04F79EFBC}") = "S12_Interfaces_Y_Polimorfismo", "S12_Interfaces_Y_Polimorfismo\S12_Interfaces_Y_Polimorfismo.csproj", "{C0D68B42-2116-41D7-8F82-A982F310FE73}"
EndProject
Project("{FAE04EC0-301F-11D3-BF4B-00C04F79EFBC}") = "S13_Atributos_Y_Metodos", "S13_Atributos_Y_Metodos\S13_Atributos_Y_Metodos.csproj", "{29D715E4-9D6E-43A7-831F-FF647B8BB5A4}"
EndProject
Global
	GlobalSection(SolutionConfigurationPlatforms) = preSolution
		Debug|Any CPU = Debug|Any CPU
		Release|Any CPU = Release|Any CPU
	EndGlobalSection
	GlobalSection(ProjectConfigurationPlatforms) = postSolution
		{2F4B3C60-2DB4-4C82-9D07-50F8048D7330}.Debug|Any CPU.ActiveCfg = Debug|Any CPU
		{2F4B3C60-2DB4-4C82-9D07-50F8048D7330}.Release|Any CPU.ActiveCfg = Release|Any CPU
		{2F4B3C60-2DB4-4C82-9D07-50F8048D7330}.Release|Any CPU.Build.0 = Release|Any CPU
		{6BDD706B-097B-45D8-874F-F8015127E02F}.Debug|Any CPU.ActiveCfg = Debug|Any CPU
		{6BDD706B-097B-45D8-874F-F8015127E02F}.Release|Any CPU.ActiveCfg = Release|Any CPU
		{6BDD706B-097B-45D8-874F-F8015127E02F}.Release|Any CPU.Build.0 = Release|Any CPU
		{A18B25FA-EEA9-4CB2-8023-F0807CCC4102}.Debug|Any CPU.ActiveCfg = Debug|Any CPU
		{A18B25FA-EEA9-4CB2-8023-F0807CCC4102}.Release|Any CPU.ActiveCfg = Release|Any CPU
		{A18B25FA-EEA9-4CB2-8023-F0807CCC4102}.Release|Any CPU.Build.0 = Release|Any CPU
		{DE238DC4-B7A6-5E91-33AE-379D740FBDAD}.Debug|Any CPU.ActiveCfg = Debug|Any CPU
		{DE238DC4-B7A6-5E91-33AE-379D740FBDAD}.Release|Any CPU.ActiveCfg = Release|Any CPU
		{DE238DC4-B7A6-5E91-33AE-379D740FBDAD}.Release|Any CPU.Build.0 = Release|Any CPU
		{1D263D95-55D3-F00D-7700-98AEE9D93E67}.Debug|Any CPU.ActiveCfg = Debug|Any CPU
		{1D263D95-55D3-F00D-7700-98AEE9D93E67}.Release|Any CPU.ActiveCfg = Release|Any CPU
		{1D263D95-55D3-F00D-7700-98AEE9D93E67}.Release|Any CPU.Build.0 = Release|Any CPU
		{93056D22-4327-C460-B27B-333829036B72}.Debug|Any CPU.ActiveCfg = Debug|Any CPU
		{93056D22-4327-C460-B27B-333829036B72}.Release|Any CPU.ActiveCfg = Release|Any CPU
		{93056D22-4327-C460-B27B-333829036B72}.Release|Any CPU.Build.0 = Release|Any CPU
		{8B07171F-7515-0978-CF21-B1F905F48CAF}.Debug|Any CPU.ActiveCfg = Debug|Any CPU
		{8B07171F-7515-0978-CF21-B1F905F48CAF}.Release|Any CPU.ActiveCfg = Release|Any CPU
		{8B07171F-7515-0978-CF21-B1F905F48CAF}.Release|Any CPU.Build.0 = Release|Any CPU
		{5AC76EF9-729A-4B3B-8BB5-AE40BB31A9C9}.Debug|Any CPU.ActiveCfg = Debug|Any CPU
		{5AC76EF9-729A-4B3B-8BB5-AE40BB31A9C9}.Release|Any CPU.ActiveCfg = Release|Any CPU
		{5AC76EF9-729A-4B3B-8BB5-AE40BB31A9C9}.Release|Any CPU.Build.0 = Release|Any CPU
		{1E0F7B86-B533-4D8C-AE7E-82BA76C7607A}.Debug|Any CPU.ActiveCfg = Debug|Any CPU
		{1E0F7B86-B533-4D8C-AE7E-82BA76C7607A}.Release|Any CPU.ActiveCfg = Release|Any CPU
		{1E0F7B86-B533-4D8C-AE7E-82BA76C7607A}.Release|Any CPU.Build.0 = Release|Any CPU
		{88B885CD-8FC4-81F5-B8D0-4DE13CC6B438}.Debug|Any CPU.ActiveCfg = Debug|Any CPU
		{88B885CD-8FC4-81F5-B8D0-4DE13CC6B438}.Debug|Any CPU.Build.0 = Debug|Any CPU
		{88B885CD-8FC4-81F5-B8D0-4DE13CC6B438}.Release|Any CPU.ActiveCfg = Release|Any CPU
		{88B885CD-8FC4-81F5-B8D0-4DE13CC6B438}.Release|Any CPU.Build.0 = Release|Any CPU
		{308B3ACE-8BDE-46B9-8ADA-7D9230EC4005}.Debug|Any CPU.ActiveCfg = Debug|Any CPU
		{308B3ACE-8BDE-46B9-8ADA-7D9230EC4005}.Release|Any CPU.ActiveCfg = Release|Any CPU
		{308B3ACE-8BDE-46B9-8ADA-7D9230EC4005}.Release|Any CPU.Build.0 = Release|Any CPU
		{C0D68B42-2116-41D7-8F82-A982F310FE73}.Debug|Any CPU.ActiveCfg = Debug|Any CPU
		{C0D68B42-2116-41D7-8F82-A982F310FE73}.Release|Any CPU.ActiveCfg = Release|Any CPU
		{C0D68B42-2116-41D7-8F82-A982F310FE73}.Release|Any CPU.Build.0 = Release|Any CPU
		{29D715E4-9D6E-43A7-831F-FF647B8BB5A4}.Debug|Any CPU.ActiveCfg = Debug|Any CPU
		{29D715E4-9D6E-43A7-831F-FF647B8BB5A4}.Release|Any CPU.ActiveCfg = Release|Any CPU
		{29D715E4-9D6E-43A7-831F-FF647B8BB5A4}.Release|Any CPU.Build.0 = Release|Any CPU
	EndGlobalSection
	GlobalSection(SolutionProperties) = preSolution
		HideSolutionNode = FALSE
	EndGlobalSection
	GlobalSection(ExtensibilityGlobals) = postSolution
		SolutionGuid = {40C0FC65-C357-48CE-8828-078F60D5D3B6}
	EndGlobalSection
EndGlobal
